
Microsoft Visual Studio Solution File, Format Version 12.00
# Visual Studio Version 17
VisualStudioVersion = 17.14.36408.4 d17.14
MinimumVisualStudioVersion = 10.0.40219.1
Project("{8BC9CEB8-8B4A-11D0-8D11-00A0C91BC942}") = "Alperov_PA2", "Alperov_PA2\Alperov_PA2.vcxproj", "{ADB15F1B-8D4A-4104-8527-DCB0382653C5}"
EndProject
Global
	GlobalSection(SolutionConfigurationPlatforms) = preSolution
		Debug|x64 = Debug|x64
		Debug|x86 = Debug|x86
		Release|x64 = Release|x64
		Release|x86 = Release|x86
	EndGlobalSection
	GlobalSection(ProjectConfigurationPlatforms) = postSolution
		{ADB15F1B-8D4A-4104-8527-DCB0382653C5}.Debug|x64.ActiveCfg = Debug|x64
		{ADB15F1B-8D4A-4104-8527-DCB0382653C5}.Debug|x64.Build.0 = Debug|x64
		{ADB15F1B-8D4A-4104-8527-DCB0382653C5}.Debug|x86.ActiveCfg = Debug|Win32
		{ADB15F1B-8D4A-4104-8527-DCB0382653C5}.Debug|x86.Build.0 = Debug|Win32
		{ADB15F1B-8D4A-4104-8527-DCB0382653C5}.Release|x64.ActiveCfg = Release|x64
		{ADB15F1B-8D4A-4104-8527-DCB0382653C5}.Release|x64.Build.0 = Release|x64
		{ADB15F1B-8D4A-4104-8527-DCB0382653C5}.Release|x86.ActiveCfg = Release|Win32
		{ADB15F1B-8D4A-4104-8527-DCB0382653C5}.Release|x86.Build.0 = Release|Win32
	EndGlobalSection
	GlobalSection(SolutionProperties) = preSolution
		HideSolutionNode = FALSE
	EndGlobalSection
	GlobalSection(ExtensibilityGlobals) = postSolution
		SolutionGuid = {855810A5-14F7-4B0B-B6F9-299C02DE580E}
	EndGlobalSection
EndGlobal
